// !$*UTF8*$!
{
	archiveVersion = 1;
	classes = {
	};
	objectVersion = 46;
	objects = {

/* Begin PBXBuildFile section */
		F56C20CB1B695B2500362852 /* FTCluster.swift in Sources */ = {isa = PBXBuildFile; fileRef = F56C20C71B695B2500362852 /* FTCluster.swift */; };
		F56C20CC1B695B2500362852 /* FTColor.swift in Sources */ = {isa = PBXBuildFile; fileRef = F56C20C81B695B2500362852 /* FTColor.swift */; };
		F56C20CD1B695B2500362852 /* FTColorsHelper.swift in Sources */ = {isa = PBXBuildFile; fileRef = F56C20C91B695B2500362852 /* FTColorsHelper.swift */; };
		F56C20CE1B695B2500362852 /* FTMainColor.swift in Sources */ = {isa = PBXBuildFile; fileRef = F56C20CA1B695B2500362852 /* FTMainColor.swift */; };
/* End PBXBuildFile section */

/* Begin PBXFileReference section */
		F56C20B21B695AC200362852 /* FTMainColor.app */ = {isa = PBXFileReference; explicitFileType = wrapper.application; includeInIndex = 0; path = FTMainColor.app; sourceTree = BUILT_PRODUCTS_DIR; };
		F56C20C71B695B2500362852 /* FTCluster.swift */ = {isa = PBXFileReference; fileEncoding = 4; lastKnownFileType = sourcecode.swift; path = FTCluster.swift; sourceTree = "<group>"; };
		F56C20C81B695B2500362852 /* FTColor.swift */ = {isa = PBXFileReference; fileEncoding = 4; lastKnownFileType = sourcecode.swift; path = FTColor.swift; sourceTree = "<group>"; };
		F56C20C91B695B2500362852 /* FTColorsHelper.swift */ = {isa = PBXFileReference; fileEncoding = 4; lastKnownFileType = sourcecode.swift; path = FTColorsHelper.swift; sourceTree = "<group>"; };
		F56C20CA1B695B2500362852 /* FTMainColor.swift */ = {isa = PBXFileReference; fileEncoding = 4; lastKnownFileType = sourcecode.swift; path = FTMainColor.swift; sourceTree = "<group>"; };
/* End PBXFileReference section */

/* Begin PBXFrameworksBuildPhase section */
		F56C20AF1B695AC200362852 /* Frameworks */ = {
			isa = PBXFrameworksBuildPhase;
			buildActionMask = 2147483647;
			files = (
			);
			runOnlyForDeploymentPostprocessing = 0;
		};
/* End PBXFrameworksBuildPhase section */

/* Begin PBXGroup section */
		F56C20A91B695AC200362852 = {
			isa = PBXGroup;
			children = (
				F56C20B41B695AC200362852 /* FTMainColor */,
				F56C20B31B695AC200362852 /* Products */,
			);
			sourceTree = "<group>";
		};
		F56C20B31B695AC200362852 /* Products */ = {
			isa = PBXGroup;
			children = (
				F56C20B21B695AC200362852 /* FTMainColor.app */,
			);
			name = Products;
			sourceTree = "<group>";
		};
		F56C20B41B695AC200362852 /* FTMainColor */ = {
			isa = PBXGroup;
			children = (
				F56C20D11B695B5A00362852 /* Helper */,
				F56C20D01B695B5200362852 /* Model */,
				F56C20CA1B695B2500362852 /* FTMainColor.swift */,
			);
			path = FTMainColor;
			sourceTree = "<group>";
		};
		F56C20D01B695B5200362852 /* Model */ = {
			isa = PBXGroup;
			children = (
				F56C20C71B695B2500362852 /* FTCluster.swift */,
				F56C20C81B695B2500362852 /* FTColor.swift */,
			);
			name = Model;
			sourceTree = "<group>";
		};
		F56C20D11B695B5A00362852 /* Helper */ = {
			isa = PBXGroup;
			children = (
				F56C20C91B695B2500362852 /* FTColorsHelper.swift */,
			);
			name = Helper;
			sourceTree = "<group>";
		};
/* End PBXGroup section */

/* Begin PBXNativeTarget section */
		F56C20B11B695AC200362852 /* FTMainColor */ = {
			isa = PBXNativeTarget;
			buildConfigurationList = F56C20C41B695AC200362852 /* Build configuration list for PBXNativeTarget "FTMainColor" */;
			buildPhases = (
				F56C20AE1B695AC200362852 /* Sources */,
				F56C20AF1B695AC200362852 /* Frameworks */,
				F56C20B01B695AC200362852 /* Resources */,
			);
			buildRules = (
			);
			dependencies = (
			);
			name = FTMainColor;
			productName = FTMainColor;
			productReference = F56C20B21B695AC200362852 /* FTMainColor.app */;
			productType = "com.apple.product-type.application";
		};
/* End PBXNativeTarget section */

/* Begin PBXProject section */
		F56C20AA1B695AC200362852 /* Project object */ = {
			isa = PBXProject;
			attributes = {
				CLASSPREFIX = FT;
				LastUpgradeCheck = 0700;
				ORGANIZATIONNAME = "Florent THOMAS-MOREL";
				TargetAttributes = {
					F56C20B11B695AC200362852 = {
						CreatedOnToolsVersion = 7.0;
					};
				};
			};
			buildConfigurationList = F56C20AD1B695AC200362852 /* Build configuration list for PBXProject "FTMainColor" */;
			compatibilityVersion = "Xcode 3.2";
			developmentRegion = English;
			hasScannedForEncodings = 0;
			knownRegions = (
				en,
				Base,
			);
			mainGroup = F56C20A91B695AC200362852;
			productRefGroup = F56C20B31B695AC200362852 /* Products */;
			projectDirPath = "";
			projectRoot = "";
			targets = (
				F56C20B11B695AC200362852 /* FTMainColor */,
			);
		};
/* End PBXProject section */

/* Begin PBXResourcesBuildPhase section */
		F56C20B01B695AC200362852 /* Resources */ = {
			isa = PBXResourcesBuildPhase;
			buildActionMask = 2147483647;
			files = (
			);
			runOnlyForDeploymentPostprocessing = 0;
		};
/* End PBXResourcesBuildPhase section */

/* Begin PBXSourcesBuildPhase section */
		F56C20AE1B695AC200362852 /* Sources */ = {
			isa = PBXSourcesBuildPhase;
			buildActionMask = 2147483647;
			files = (
				F56C20CB1B695B2500362852 /* FTCluster.swift in Sources */,
				F56C20CC1B695B2500362852 /* FTColor.swift in Sources */,
				F56C20CE1B695B2500362852 /* FTMainColor.swift in Sources */,
				F56C20CD1B695B2500362852 /* FTColorsHelper.swift in Sources */,
			);
			runOnlyForDeploymentPostprocessing = 0;
		};
/* End PBXSourcesBuildPhase section */

/* Begin XCBuildConfiguration section */
		F56C20C21B695AC200362852 /* Debug */ = {
			isa = XCBuildConfiguration;
			buildSettings = {
				ALWAYS_SEARCH_USER_PATHS = NO;
				CLANG_CXX_LANGUAGE_STANDARD = "gnu++0x";
				CLANG_CXX_LIBRARY = "libc++";
				CLANG_ENABLE_MODULES = YES;
				CLANG_ENABLE_OBJC_ARC = YES;
				CLANG_WARN_BOOL_CONVERSION = YES;
				CLANG_WARN_CONSTANT_CONVERSION = YES;
				CLANG_WARN_DIRECT_OBJC_ISA_USAGE = YES_ERROR;
				CLANG_WARN_EMPTY_BODY = YES;
				CLANG_WARN_ENUM_CONVERSION = YES;
				CLANG_WARN_INT_CONVERSION = YES;
				CLANG_WARN_OBJC_ROOT_CLASS = YES_ERROR;
				CLANG_WARN_UNREACHABLE_CODE = YES;
				CLANG_WARN__DUPLICATE_METHOD_MATCH = YES;
				"CODE_SIGN_IDENTITY[sdk=iphoneos*]" = "iPhone Developer";
				COPY_PHASE_STRIP = NO;
				DEBUG_INFORMATION_FORMAT = dwarf;
				ENABLE_STRICT_OBJC_MSGSEND = YES;
				ENABLE_TESTABILITY = YES;
				GCC_C_LANGUAGE_STANDARD = gnu99;
				GCC_DYNAMIC_NO_PIC = NO;
				GCC_NO_COMMON_BLOCKS = YES;
				GCC_OPTIMIZATION_LEVEL = 0;
				GCC_PREPROCESSOR_DEFINITIONS = (
					"DEBUG=1",
					"$(inherited)",
				);
				GCC_WARN_64_TO_32_BIT_CONVERSION = YES;
				GCC_WARN_ABOUT_RETURN_TYPE = YES_ERROR;
				GCC_WARN_UNDECLARED_SELECTOR = YES;
				GCC_WARN_UNINITIALIZED_AUTOS = YES_AGGRESSIVE;
				GCC_WARN_UNUSED_FUNCTION = YES;
				GCC_WARN_UNUSED_VARIABLE = YES;
				IPHONEOS_DEPLOYMENT_TARGET = 9.0;
				MTL_ENABLE_DEBUG_INFO = YES;
				ONLY_ACTIVE_ARCH = YES;
				SDKROOT = iphoneos;
				SWIFT_OPTIMIZATION_LEVEL = "-Onone";
			};
			name = Debug;
		};
		F56C20C31B695AC200362852 /* Release */ = {
			isa = XCBuildConfiguration;
			buildSettings = {
				ALWAYS_SEARCH_USER_PATHS = NO;
				CLANG_CXX_LANGUAGE_STANDARD = "gnu++0x";
				CLANG_CXX_LIBRARY = "libc++";
				CLANG_ENABLE_MODULES = YES;
				CLANG_ENABLE_OBJC_ARC = YES;
				CLANG_WARN_BOOL_CONVERSION = YES;
				CLANG_WARN_CONSTANT_CONVERSION = YES;
				CLANG_WARN_DIRECT_OBJC_ISA_USAGE = YES_ERROR;
				CLANG_WARN_EMPTY_BODY = YES;
				CLANG_WARN_ENUM_CONVERSION = YES;
				CLANG_WARN_INT_CONVERSION = YES;
				CLANG_WARN_OBJC_ROOT_CLASS = YES_ERROR;
				CLANG_WARN_UNREACHABLE_CODE = YES;
				CLANG_WARN__DUPLICATE_METHOD_MATCH = YES;
				"CODE_SIGN_IDENTITY[sdk=iphoneos*]" = "iPhone Developer";
				COPY_PHASE_STRIP = NO;
				DEBUG_INFORMATION_FORMAT = "dwarf-with-dsym";
				ENABLE_NS_ASSERTIONS = NO;
				ENABLE_STRICT_OBJC_MSGSEND = YES;
				GCC_C_LANGUAGE_STANDARD = gnu99;
				GCC_NO_COMMON_BLOCKS = YES;
				GCC_WARN_64_TO_32_BIT_CONVERSION = YES;
				GCC_WARN_ABOUT_RETURN_TYPE = YES_ERROR;
				GCC_WARN_UNDECLARED_SELECTOR = YES;
				GCC_WARN_UNINITIALIZED_AUTOS = YES_AGGRESSIVE;
				GCC_WARN_UNUSED_FUNCTION = YES;
				GCC_WARN_UNUSED_VARIABLE = YES;
				IPHONEOS_DEPLOYMENT_TARGET = 9.0;
				MTL_ENABLE_DEBUG_INFO = NO;
				SDKROOT = iphoneos;
				VALIDATE_PRODUCT = YES;
			};
			name = Release;
		};
		F56C20C51B695AC200362852 /* Debug */ = {
			isa = XCBuildConfiguration;
			buildSettings = {
				ASSETCATALOG_COMPILER_APPICON_NAME = AppIcon;
				INFOPLIST_FILE = FTMainColor/Info.plist;
				IPHONEOS_DEPLOYMENT_TARGET = 7.0;
				LD_RUNPATH_SEARCH_PATHS = "$(inherited) @executable_path/Frameworks";
				PRODUCT_BUNDLE_IDENTIFIER = com.thomasmorel.florent.FTMainColor;
				PRODUCT_NAME = "$(TARGET_NAME)";
			};
			name = Debug;
		};
		F56C20C61B695AC200362852 /* Release */ = {
			isa = XCBuildConfiguration;
			buildSettings = {
				ASSETCATALOG_COMPILER_APPICON_NAME = AppIcon;
				INFOPLIST_FILE = FTMainColor/Info.plist;
				IPHONEOS_DEPLOYMENT_TARGET = 7.0;
				LD_RUNPATH_SEARCH_PATHS = "$(inherited) @executable_path/Frameworks";
				PRODUCT_BUNDLE_IDENTIFIER = com.thomasmorel.florent.FTMainColor;
				PRODUCT_NAME = "$(TARGET_NAME)";
			};
			name = Release;
		};
/* End XCBuildConfiguration section */

/* Begin XCConfigurationList section */
		F56C20AD1B695AC200362852 /* Build configuration list for PBXProject "FTMainColor" */ = {
			isa = XCConfigurationList;
			buildConfigurations = (
				F56C20C21B695AC200362852 /* Debug */,
				F56C20C31B695AC200362852 /* Release */,
			);
			defaultConfigurationIsVisible = 0;
			defaultConfigurationName = Release;
		};
		F56C20C41B695AC200362852 /* Build configuration list for PBXNativeTarget "FTMainColor" */ = {
			isa = XCConfigurationList;
			buildConfigurations = (
				F56C20C51B695AC200362852 /* Debug */,
				F56C20C61B695AC200362852 /* Release */,
			);
			defaultConfigurationIsVisible = 0;
			defaultConfigurationName = Release;
		};
/* End XCConfigurationList section */
	};
	rootObject = F56C20AA1B695AC200362852 /* Project object */;
}
